
Microsoft Visual Studio Solution File, Format Version 12.00
# Visual Studio Version 17
VisualStudioVersion = 17.3.32929.385
MinimumVisualStudioVersion = 10.0.40219.1
Project("{FAE04EC0-301F-11D3-BF4B-00C04F79EFBC}") = "Class 19", "Class 19\Class 19.csproj", "{21E2172B-84BB-4CB0-ADE9-3CC9F5D8187F}"
EndProject
Global
	GlobalSection(SolutionConfigurationPlatforms) = preSolution
		Debug|Any CPU = Debug|Any CPU
		Release|Any CPU = Release|Any CPU
	EndGlobalSection
	GlobalSection(ProjectConfigurationPlatforms) = postSolution
		{21E2172B-84BB-4CB0-ADE9-3CC9F5D8187F}.Debug|Any CPU.ActiveCfg = Debug|Any CPU
		{21E2172B-84BB-4CB0-ADE9-3CC9F5D8187F}.Debug|Any CPU.Build.0 = Debug|Any CPU
		{21E2172B-84BB-4CB0-ADE9-3CC9F5D8187F}.Release|Any CPU.ActiveCfg = Release|Any CPU
		{21E2172B-84BB-4CB0-ADE9-3CC9F5D8187F}.Release|Any CPU.Build.0 = Release|Any CPU
	EndGlobalSection
	GlobalSection(SolutionProperties) = preSolution
		HideSolutionNode = FALSE
	EndGlobalSection
	GlobalSection(ExtensibilityGlobals) = postSolution
		SolutionGuid = {1C487512-7EAF-4F4F-987D-BDAC560A5FBE}
	EndGlobalSection
EndGlobal
